
Microsoft Visual Studio Solution File, Format Version 12.00
# Visual Studio Version 16
VisualStudioVersion = 16.0.29306.81
MinimumVisualStudioVersion = 10.0.40219.1
Project("{FAE04EC0-301F-11D3-BF4B-00C04F79EFBC}") = "DemoProject", "DemoProject\DemoProject.csproj", "{20383C9D-4EE4-4B60-A423-99C9F965D8E5}"
EndProject
Global
	GlobalSection(SolutionConfigurationPlatforms) = preSolution
		Debug|Any CPU = Debug|Any CPU
		Release|Any CPU = Release|Any CPU
	EndGlobalSection
	GlobalSection(ProjectConfigurationPlatforms) = postSolution
		{20383C9D-4EE4-4B60-A423-99C9F965D8E5}.Debug|Any CPU.ActiveCfg = Debug|Any CPU
		{20383C9D-4EE4-4B60-A423-99C9F965D8E5}.Debug|Any CPU.Build.0 = Debug|Any CPU
		{20383C9D-4EE4-4B60-A423-99C9F965D8E5}.Release|Any CPU.ActiveCfg = Release|Any CPU
		{20383C9D-4EE4-4B60-A423-99C9F965D8E5}.Release|Any CPU.Build.0 = Release|Any CPU
	EndGlobalSection
	GlobalSection(SolutionProperties) = preSolution
		HideSolutionNode = FALSE
	EndGlobalSection
	GlobalSection(ExtensibilityGlobals) = postSolution
		SolutionGuid = {18451C8A-A61A-42C9-BB47-431E9AC13389}
	EndGlobalSection
EndGlobal
